{
  "object": {
    "pins": [
      {
        "package": "multipart-kit",
        "repositoryURL": "https://github.com/vapor/multipart.git",
        "state": {
          "branch": null,
          "revision": "30f53439b52587b016a5e5b3dce7f50f686681be",
          "version": "4.4.0"
        }
      },
      {
        "package": "swift-nio",
        "repositoryURL": "https://github.com/apple/swift-nio.git",
        "state": {
          "branch": null,
          "revision": "fb48bdd8279799f655da5f8b4e0a21430eca6012",
          "version": "2.32.3"
        }
      }
    ]
  },
  "version": 1
}
