// !$*UTF8*$!
{
	archiveVersion = 1;
	classes = {
	};
	objectVersion = 52;
	objects = {

/* Begin PBXBuildFile section */
		9000362526BC9A88007F4AF5 /* CloudKit.framework in Frameworks */ = {isa = PBXBuildFile; fileRef = 900215CC26B9FB8800A82706 /* CloudKit.framework */; };
		900215CD26B9FB8800A82706 /* CloudKit.framework in Frameworks */ = {isa = PBXBuildFile; fileRef = 900215CC26B9FB8800A82706 /* CloudKit.framework */; };
		900452F8285A9AC1009D9796 /* BawiBrowserTab.swift in Sources */ = {isa = PBXBuildFile; fileRef = 900452F7285A9AC1009D9796 /* BawiBrowserTab.swift */; };
		900631002697B990006B6340 /* BawiArticleDTO.swift in Sources */ = {isa = PBXBuildFile; fileRef = 900630FF2697B990006B6340 /* BawiArticleDTO.swift */; };
		900B26A0268BDF8100C03837 /* BawiBrowserViewModel.swift in Sources */ = {isa = PBXBuildFile; fileRef = 900B269F268BDF8100C03837 /* BawiBrowserViewModel.swift */; };
		9014974126AB732E0025FE0E /* BawiBrwoserNavigation.swift in Sources */ = {isa = PBXBuildFile; fileRef = 9014974026AB732E0025FE0E /* BawiBrwoserNavigation.swift */; };
		9024005326928DF800F7FE6A /* BawiCommentDTO.swift in Sources */ = {isa = PBXBuildFile; fileRef = 9024005226928DF800F7FE6A /* BawiCommentDTO.swift */; };
		9024005526928F7F00F7FE6A /* BawiCommentConstant.swift in Sources */ = {isa = PBXBuildFile; fileRef = 9024005426928F7F00F7FE6A /* BawiCommentConstant.swift */; };
		9037CF082857EC9700B5C7C9 /* Persistence in Frameworks */ = {isa = PBXBuildFile; productRef = 9037CF072857EC9700B5C7C9 /* Persistence */; };
		9037CF0A2857ECD000B5C7C9 /* AppDelegate.swift in Sources */ = {isa = PBXBuildFile; fileRef = 9037CF092857ECD000B5C7C9 /* AppDelegate.swift */; };
		9037CF0C2857ED0C00B5C7C9 /* BawiBrowserConstants.swift in Sources */ = {isa = PBXBuildFile; fileRef = 9037CF0B2857ED0C00B5C7C9 /* BawiBrowserConstants.swift */; };
		9037CF0F2857F19900B5C7C9 /* NIO in Frameworks */ = {isa = PBXBuildFile; productRef = 9037CF0E2857F19900B5C7C9 /* NIO */; };
		9037CF342857F43B00B5C7C9 /* BawiBrowserConstants.swift in Sources */ = {isa = PBXBuildFile; fileRef = 9037CF0B2857ED0C00B5C7C9 /* BawiBrowserConstants.swift */; };
		9037CF362857F47C00B5C7C9 /* Persistence in Frameworks */ = {isa = PBXBuildFile; productRef = 9037CF352857F47C00B5C7C9 /* Persistence */; };
		9039535A26B61E2E004CB410 /* BawiNoteDTO.swift in Sources */ = {isa = PBXBuildFile; fileRef = 90914EFA26A7742900E124B6 /* BawiNoteDTO.swift */; };
		9039535B26B6308B004CB410 /* BawiArticleDTO.swift in Sources */ = {isa = PBXBuildFile; fileRef = 900630FF2697B990006B6340 /* BawiArticleDTO.swift */; };
		90492BBF26A4A567005F337C /* AttachmentListView.swift in Sources */ = {isa = PBXBuildFile; fileRef = 90492BBE26A4A567005F337C /* AttachmentListView.swift */; };
		90617664268A781000871FB2 /* BawiBrowserApp.swift in Sources */ = {isa = PBXBuildFile; fileRef = 90617663268A781000871FB2 /* BawiBrowserApp.swift */; };
		90617666268A781000871FB2 /* ContentView.swift in Sources */ = {isa = PBXBuildFile; fileRef = 90617665268A781000871FB2 /* ContentView.swift */; };
		90617668268A781200871FB2 /* Assets.xcassets in Resources */ = {isa = PBXBuildFile; fileRef = 90617667268A781200871FB2 /* Assets.xcassets */; };
		9061766B268A781200871FB2 /* Preview Assets.xcassets in Resources */ = {isa = PBXBuildFile; fileRef = 9061766A268A781200871FB2 /* Preview Assets.xcassets */; };
		90617670268A781200871FB2 /* BawiBrowser.xcdatamodeld in Sources */ = {isa = PBXBuildFile; fileRef = 9061766E268A781200871FB2 /* BawiBrowser.xcdatamodeld */; };
		9061767C268A781300871FB2 /* BawiBrowserTests.swift in Sources */ = {isa = PBXBuildFile; fileRef = 9061767B268A781300871FB2 /* BawiBrowserTests.swift */; };
		90617687268A781300871FB2 /* BawiBrowserUITests.swift in Sources */ = {isa = PBXBuildFile; fileRef = 90617686268A781300871FB2 /* BawiBrowserUITests.swift */; };
		90617696268A785C00871FB2 /* WebView.swift in Sources */ = {isa = PBXBuildFile; fileRef = 90617695268A785C00871FB2 /* WebView.swift */; };
		906D6B5A269E636400967DEB /* multipartFormWithImage in Resources */ = {isa = PBXBuildFile; fileRef = 906D6B59269E636400967DEB /* multipartFormWithImage */; };
		906F364426A23585002F0915 /* CommentListView.swift in Sources */ = {isa = PBXBuildFile; fileRef = 906F364326A23585002F0915 /* CommentListView.swift */; };
		906F364626A2373F002F0915 /* BrowserView.swift in Sources */ = {isa = PBXBuildFile; fileRef = 906F364526A2373F002F0915 /* BrowserView.swift */; };
		906F364826A237E2002F0915 /* ArticleListView.swift in Sources */ = {isa = PBXBuildFile; fileRef = 906F364726A237E2002F0915 /* ArticleListView.swift */; };
		9089733826FBB86C005A03A8 /* SearchView.swift in Sources */ = {isa = PBXBuildFile; fileRef = 9089733726FBB86C005A03A8 /* SearchView.swift */; };
		908EE55E26F2704E00BD4B90 /* BoardFilterView.swift in Sources */ = {isa = PBXBuildFile; fileRef = 908EE55D26F2704E00BD4B90 /* BoardFilterView.swift */; };
		908EE56026F2705B00BD4B90 /* NoteFilterView.swift in Sources */ = {isa = PBXBuildFile; fileRef = 908EE55F26F2705B00BD4B90 /* NoteFilterView.swift */; };
		90914EFB26A7742900E124B6 /* BawiNoteDTO.swift in Sources */ = {isa = PBXBuildFile; fileRef = 90914EFA26A7742900E124B6 /* BawiNoteDTO.swift */; };
		90914EFD26A774B200E124B6 /* BawiNoteConstant.swift in Sources */ = {isa = PBXBuildFile; fileRef = 90914EFC26A774B200E124B6 /* BawiNoteConstant.swift */; };
		90A0D9AE289880860057D328 /* BawiAction.swift in Sources */ = {isa = PBXBuildFile; fileRef = 90A0D9AD289880860057D328 /* BawiAction.swift */; };
		90A2777A26AE3C26000A3080 /* Cocoa.framework in Frameworks */ = {isa = PBXBuildFile; fileRef = 90A2777926AE3C26000A3080 /* Cocoa.framework */; };
		90A2777D26AE3C26000A3080 /* SafariExtensionHandler.swift in Sources */ = {isa = PBXBuildFile; fileRef = 90A2777C26AE3C26000A3080 /* SafariExtensionHandler.swift */; };
		90A2777F26AE3C26000A3080 /* SafariExtensionViewController.swift in Sources */ = {isa = PBXBuildFile; fileRef = 90A2777E26AE3C26000A3080 /* SafariExtensionViewController.swift */; };
		90A2778226AE3C26000A3080 /* script.js in Resources */ = {isa = PBXBuildFile; fileRef = 90A2778126AE3C26000A3080 /* script.js */; };
		90A2778526AE3C26000A3080 /* SafariExtensionViewController.xib in Resources */ = {isa = PBXBuildFile; fileRef = 90A2778326AE3C26000A3080 /* SafariExtensionViewController.xib */; };
		90A2778A26AE3C26000A3080 /* BawiBrowserSafariExtension.appex in Embed App Extensions */ = {isa = PBXBuildFile; fileRef = 90A2777726AE3C26000A3080 /* BawiBrowserSafariExtension.appex */; settings = {ATTRIBUTES = (RemoveHeadersOnCopy, ); }; };
		90CDB73E26A7800900568700 /* NoteListView.swift in Sources */ = {isa = PBXBuildFile; fileRef = 90CDB73D26A7800900568700 /* NoteListView.swift */; };
		90CDB74026A7857400568700 /* ArticleDetailView.swift in Sources */ = {isa = PBXBuildFile; fileRef = 90CDB73F26A7857400568700 /* ArticleDetailView.swift */; };
		90D0A98326B48CEC00581D33 /* BawiBrowser.xcdatamodeld in Sources */ = {isa = PBXBuildFile; fileRef = 9061766E268A781200871FB2 /* BawiBrowser.xcdatamodeld */; };
		90D0A98526B4A0F900581D33 /* BawiCommentDTO.swift in Sources */ = {isa = PBXBuildFile; fileRef = 9024005226928DF800F7FE6A /* BawiCommentDTO.swift */; };
		90DB6C0626B0D13800BEF1C9 /* Toolbar.pdf in Resources */ = {isa = PBXBuildFile; fileRef = 90DB6C0526B0D13800BEF1C9 /* Toolbar.pdf */; };
		90E857A526F5413200D15ED7 /* dark_bawi.css in Resources */ = {isa = PBXBuildFile; fileRef = 90E857A426F5413200D15ED7 /* dark_bawi.css */; };
		90E857A726F569B300D15ED7 /* BawiBrowserAppearance.swift in Sources */ = {isa = PBXBuildFile; fileRef = 90E857A626F569B300D15ED7 /* BawiBrowserAppearance.swift */; };
		90ECFCB927C83DFE0076777A /* UIWebViewSearch.js in Resources */ = {isa = PBXBuildFile; fileRef = 90ECFCB827C83DFE0076777A /* UIWebViewSearch.js */; };
		90FC22422698DB730095848C /* MultipartKit in Frameworks */ = {isa = PBXBuildFile; productRef = 90FC22412698DB730095848C /* MultipartKit */; };
		90FC224426990CEF0095848C /* BawiWriteForm.swift in Sources */ = {isa = PBXBuildFile; fileRef = 90FC224326990CEF0095848C /* BawiWriteForm.swift */; };
/* End PBXBuildFile section */

/* Begin PBXContainerItemProxy section */
		90617678268A781300871FB2 /* PBXContainerItemProxy */ = {
			isa = PBXContainerItemProxy;
			containerPortal = 90617658268A781000871FB2 /* Project object */;
			proxyType = 1;
			remoteGlobalIDString = 9061765F268A781000871FB2;
			remoteInfo = BawiBrowser;
		};
		90617683268A781300871FB2 /* PBXContainerItemProxy */ = {
			isa = PBXContainerItemProxy;
			containerPortal = 90617658268A781000871FB2 /* Project object */;
			proxyType = 1;
			remoteGlobalIDString = 9061765F268A781000871FB2;
			remoteInfo = BawiBrowser;
		};
		90A2778826AE3C26000A3080 /* PBXContainerItemProxy */ = {
			isa = PBXContainerItemProxy;
			containerPortal = 90617658268A781000871FB2 /* Project object */;
			proxyType = 1;
			remoteGlobalIDString = 90A2777626AE3C26000A3080;
			remoteInfo = BawiBrowserSafariExtension;
		};
/* End PBXContainerItemProxy section */

/* Begin PBXCopyFilesBuildPhase section */
		90A2778B26AE3C26000A3080 /* Embed App Extensions */ = {
			isa = PBXCopyFilesBuildPhase;
			buildActionMask = 2147483647;
			dstPath = "";
			dstSubfolderSpec = 13;
			files = (
				90A2778A26AE3C26000A3080 /* BawiBrowserSafariExtension.appex in Embed App Extensions */,
			);
			name = "Embed App Extensions";
			runOnlyForDeploymentPostprocessing = 0;
		};
/* End PBXCopyFilesBuildPhase section */

/* Begin PBXFileReference section */
		900215CC26B9FB8800A82706 /* CloudKit.framework */ = {isa = PBXFileReference; lastKnownFileType = wrapper.framework; name = CloudKit.framework; path = System/Library/Frameworks/CloudKit.framework; sourceTree = SDKROOT; };
		900452F7285A9AC1009D9796 /* BawiBrowserTab.swift */ = {isa = PBXFileReference; lastKnownFileType = sourcecode.swift; path = BawiBrowserTab.swift; sourceTree = "<group>"; };
		900630FF2697B990006B6340 /* BawiArticleDTO.swift */ = {isa = PBXFileReference; lastKnownFileType = sourcecode.swift; path = BawiArticleDTO.swift; sourceTree = "<group>"; };
		900B269F268BDF8100C03837 /* BawiBrowserViewModel.swift */ = {isa = PBXFileReference; lastKnownFileType = sourcecode.swift; path = BawiBrowserViewModel.swift; sourceTree = "<group>"; };
		9014974026AB732E0025FE0E /* BawiBrwoserNavigation.swift */ = {isa = PBXFileReference; lastKnownFileType = sourcecode.swift; path = BawiBrwoserNavigation.swift; sourceTree = "<group>"; };
		9024005226928DF800F7FE6A /* BawiCommentDTO.swift */ = {isa = PBXFileReference; lastKnownFileType = sourcecode.swift; path = BawiCommentDTO.swift; sourceTree = "<group>"; };
		9024005426928F7F00F7FE6A /* BawiCommentConstant.swift */ = {isa = PBXFileReference; lastKnownFileType = sourcecode.swift; path = BawiCommentConstant.swift; sourceTree = "<group>"; };
		9037CF092857ECD000B5C7C9 /* AppDelegate.swift */ = {isa = PBXFileReference; lastKnownFileType = sourcecode.swift; path = AppDelegate.swift; sourceTree = "<group>"; };
		9037CF0B2857ED0C00B5C7C9 /* BawiBrowserConstants.swift */ = {isa = PBXFileReference; lastKnownFileType = sourcecode.swift; path = BawiBrowserConstants.swift; sourceTree = "<group>"; };
		90492BBE26A4A567005F337C /* AttachmentListView.swift */ = {isa = PBXFileReference; lastKnownFileType = sourcecode.swift; path = AttachmentListView.swift; sourceTree = "<group>"; };
		90617660268A781000871FB2 /* BawiBrowser.app */ = {isa = PBXFileReference; explicitFileType = wrapper.application; includeInIndex = 0; path = BawiBrowser.app; sourceTree = BUILT_PRODUCTS_DIR; };
		90617663268A781000871FB2 /* BawiBrowserApp.swift */ = {isa = PBXFileReference; lastKnownFileType = sourcecode.swift; path = BawiBrowserApp.swift; sourceTree = "<group>"; };
		90617665268A781000871FB2 /* ContentView.swift */ = {isa = PBXFileReference; lastKnownFileType = sourcecode.swift; path = ContentView.swift; sourceTree = "<group>"; };
		90617667268A781200871FB2 /* Assets.xcassets */ = {isa = PBXFileReference; lastKnownFileType = folder.assetcatalog; path = Assets.xcassets; sourceTree = "<group>"; };
		9061766A268A781200871FB2 /* Preview Assets.xcassets */ = {isa = PBXFileReference; lastKnownFileType = folder.assetcatalog; path = "Preview Assets.xcassets"; sourceTree = "<group>"; };
		9061766F268A781200871FB2 /* BawiBrowser.xcdatamodel */ = {isa = PBXFileReference; lastKnownFileType = wrapper.xcdatamodel; path = BawiBrowser.xcdatamodel; sourceTree = "<group>"; };
		90617671268A781200871FB2 /* Info.plist */ = {isa = PBXFileReference; lastKnownFileType = text.plist.xml; path = Info.plist; sourceTree = "<group>"; };
		90617672268A781200871FB2 /* BawiBrowser.entitlements */ = {isa = PBXFileReference; lastKnownFileType = text.plist.entitlements; path = BawiBrowser.entitlements; sourceTree = "<group>"; };
		90617677268A781300871FB2 /* BawiBrowserTests.xctest */ = {isa = PBXFileReference; explicitFileType = wrapper.cfbundle; includeInIndex = 0; path = BawiBrowserTests.xctest; sourceTree = BUILT_PRODUCTS_DIR; };
		9061767B268A781300871FB2 /* BawiBrowserTests.swift */ = {isa = PBXFileReference; lastKnownFileType = sourcecode.swift; path = BawiBrowserTests.swift; sourceTree = "<group>"; };
		9061767D268A781300871FB2 /* Info.plist */ = {isa = PBXFileReference; lastKnownFileType = text.plist.xml; path = Info.plist; sourceTree = "<group>"; };
		90617682268A781300871FB2 /* BawiBrowserUITests.xctest */ = {isa = PBXFileReference; explicitFileType = wrapper.cfbundle; includeInIndex = 0; path = BawiBrowserUITests.xctest; sourceTree = BUILT_PRODUCTS_DIR; };
		90617686268A781300871FB2 /* BawiBrowserUITests.swift */ = {isa = PBXFileReference; lastKnownFileType = sourcecode.swift; path = BawiBrowserUITests.swift; sourceTree = "<group>"; };
		90617688268A781300871FB2 /* Info.plist */ = {isa = PBXFileReference; lastKnownFileType = text.plist.xml; path = Info.plist; sourceTree = "<group>"; };
		90617695268A785C00871FB2 /* WebView.swift */ = {isa = PBXFileReference; lastKnownFileType = sourcecode.swift; path = WebView.swift; sourceTree = "<group>"; };
		906D6B59269E636400967DEB /* multipartFormWithImage */ = {isa = PBXFileReference; fileEncoding = 4; lastKnownFileType = text; path = multipartFormWithImage; sourceTree = "<group>"; };
		906F364326A23585002F0915 /* CommentListView.swift */ = {isa = PBXFileReference; lastKnownFileType = sourcecode.swift; path = CommentListView.swift; sourceTree = "<group>"; };
		906F364526A2373F002F0915 /* BrowserView.swift */ = {isa = PBXFileReference; lastKnownFileType = sourcecode.swift; path = BrowserView.swift; sourceTree = "<group>"; };
		906F364726A237E2002F0915 /* ArticleListView.swift */ = {isa = PBXFileReference; lastKnownFileType = sourcecode.swift; path = ArticleListView.swift; sourceTree = "<group>"; };
		9089733726FBB86C005A03A8 /* SearchView.swift */ = {isa = PBXFileReference; lastKnownFileType = sourcecode.swift; path = SearchView.swift; sourceTree = "<group>"; };
		908EE55D26F2704E00BD4B90 /* BoardFilterView.swift */ = {isa = PBXFileReference; lastKnownFileType = sourcecode.swift; path = BoardFilterView.swift; sourceTree = "<group>"; };
		908EE55F26F2705B00BD4B90 /* NoteFilterView.swift */ = {isa = PBXFileReference; lastKnownFileType = sourcecode.swift; path = NoteFilterView.swift; sourceTree = "<group>"; };
		90914EFA26A7742900E124B6 /* BawiNoteDTO.swift */ = {isa = PBXFileReference; lastKnownFileType = sourcecode.swift; path = BawiNoteDTO.swift; sourceTree = "<group>"; };
		90914EFC26A774B200E124B6 /* BawiNoteConstant.swift */ = {isa = PBXFileReference; lastKnownFileType = sourcecode.swift; path = BawiNoteConstant.swift; sourceTree = "<group>"; };
		90A0D9AD289880860057D328 /* BawiAction.swift */ = {isa = PBXFileReference; lastKnownFileType = sourcecode.swift; path = BawiAction.swift; sourceTree = "<group>"; };
		90A2777726AE3C26000A3080 /* BawiBrowserSafariExtension.appex */ = {isa = PBXFileReference; explicitFileType = "wrapper.app-extension"; includeInIndex = 0; path = BawiBrowserSafariExtension.appex; sourceTree = BUILT_PRODUCTS_DIR; };
		90A2777926AE3C26000A3080 /* Cocoa.framework */ = {isa = PBXFileReference; lastKnownFileType = wrapper.framework; name = Cocoa.framework; path = System/Library/Frameworks/Cocoa.framework; sourceTree = SDKROOT; };
		90A2777C26AE3C26000A3080 /* SafariExtensionHandler.swift */ = {isa = PBXFileReference; lastKnownFileType = sourcecode.swift; path = SafariExtensionHandler.swift; sourceTree = "<group>"; };
		90A2777E26AE3C26000A3080 /* SafariExtensionViewController.swift */ = {isa = PBXFileReference; lastKnownFileType = sourcecode.swift; path = SafariExtensionViewController.swift; sourceTree = "<group>"; };
		90A2778126AE3C26000A3080 /* script.js */ = {isa = PBXFileReference; lastKnownFileType = sourcecode.javascript; path = script.js; sourceTree = "<group>"; };
		90A2778426AE3C26000A3080 /* Base */ = {isa = PBXFileReference; lastKnownFileType = file.xib; name = Base; path = Base.lproj/SafariExtensionViewController.xib; sourceTree = "<group>"; };
		90A2778626AE3C26000A3080 /* Info.plist */ = {isa = PBXFileReference; lastKnownFileType = text.plist.xml; path = Info.plist; sourceTree = "<group>"; };
		90A2778726AE3C26000A3080 /* BawiBrowserSafariExtension.entitlements */ = {isa = PBXFileReference; lastKnownFileType = text.plist.entitlements; path = BawiBrowserSafariExtension.entitlements; sourceTree = "<group>"; };
		90CDB73D26A7800900568700 /* NoteListView.swift */ = {isa = PBXFileReference; lastKnownFileType = sourcecode.swift; path = NoteListView.swift; sourceTree = "<group>"; };
		90CDB73F26A7857400568700 /* ArticleDetailView.swift */ = {isa = PBXFileReference; lastKnownFileType = sourcecode.swift; path = ArticleDetailView.swift; sourceTree = "<group>"; };
		90DB6C0526B0D13800BEF1C9 /* Toolbar.pdf */ = {isa = PBXFileReference; lastKnownFileType = image.pdf; path = Toolbar.pdf; sourceTree = "<group>"; };
		90E857A426F5413200D15ED7 /* dark_bawi.css */ = {isa = PBXFileReference; fileEncoding = 4; lastKnownFileType = text.css; path = dark_bawi.css; sourceTree = "<group>"; };
		90E857A626F569B300D15ED7 /* BawiBrowserAppearance.swift */ = {isa = PBXFileReference; lastKnownFileType = sourcecode.swift; path = BawiBrowserAppearance.swift; sourceTree = "<group>"; };
		90ECFCB827C83DFE0076777A /* UIWebViewSearch.js */ = {isa = PBXFileReference; lastKnownFileType = sourcecode.javascript; path = UIWebViewSearch.js; sourceTree = "<group>"; };
		90FC224326990CEF0095848C /* BawiWriteForm.swift */ = {isa = PBXFileReference; lastKnownFileType = sourcecode.swift; path = BawiWriteForm.swift; sourceTree = "<group>"; };
/* End PBXFileReference section */

/* Begin PBXFrameworksBuildPhase section */
		9061765D268A781000871FB2 /* Frameworks */ = {
			isa = PBXFrameworksBuildPhase;
			buildActionMask = 2147483647;
			files = (
				9037CF082857EC9700B5C7C9 /* Persistence in Frameworks */,
				9037CF0F2857F19900B5C7C9 /* NIO in Frameworks */,
				90FC22422698DB730095848C /* MultipartKit in Frameworks */,
				900215CD26B9FB8800A82706 /* CloudKit.framework in Frameworks */,
			);
			runOnlyForDeploymentPostprocessing = 0;
		};
		90617674268A781300871FB2 /* Frameworks */ = {
			isa = PBXFrameworksBuildPhase;
			buildActionMask = 2147483647;
			files = (
			);
			runOnlyForDeploymentPostprocessing = 0;
		};
		9061767F268A781300871FB2 /* Frameworks */ = {
			isa = PBXFrameworksBuildPhase;
			buildActionMask = 2147483647;
			files = (
			);
			runOnlyForDeploymentPostprocessing = 0;
		};
		90A2777426AE3C26000A3080 /* Frameworks */ = {
			isa = PBXFrameworksBuildPhase;
			buildActionMask = 2147483647;
			files = (
				9037CF362857F47C00B5C7C9 /* Persistence in Frameworks */,
				90A2777A26AE3C26000A3080 /* Cocoa.framework in Frameworks */,
				9000362526BC9A88007F4AF5 /* CloudKit.framework in Frameworks */,
			);
			runOnlyForDeploymentPostprocessing = 0;
		};
/* End PBXFrameworksBuildPhase section */

/* Begin PBXGroup section */
		900B269E268BD76900C03837 /* Model */ = {
			isa = PBXGroup;
			children = (
				900B269F268BDF8100C03837 /* BawiBrowserViewModel.swift */,
				9024005226928DF800F7FE6A /* BawiCommentDTO.swift */,
				9024005426928F7F00F7FE6A /* BawiCommentConstant.swift */,
				900630FF2697B990006B6340 /* BawiArticleDTO.swift */,
				90FC224326990CEF0095848C /* BawiWriteForm.swift */,
				90914EFA26A7742900E124B6 /* BawiNoteDTO.swift */,
				90914EFC26A774B200E124B6 /* BawiNoteConstant.swift */,
				9014974026AB732E0025FE0E /* BawiBrwoserNavigation.swift */,
				90A0D9AD289880860057D328 /* BawiAction.swift */,
			);
			path = Model;
			sourceTree = "<group>";
		};
		90617657268A781000871FB2 = {
			isa = PBXGroup;
			children = (
				90617662268A781000871FB2 /* BawiBrowser */,
				9061767A268A781300871FB2 /* BawiBrowserTests */,
				90617685268A781300871FB2 /* BawiBrowserUITests */,
				90A2777B26AE3C26000A3080 /* BawiBrowserSafariExtension */,
				90A2777826AE3C26000A3080 /* Frameworks */,
				90617661268A781000871FB2 /* Products */,
			);
			sourceTree = "<group>";
		};
		90617661268A781000871FB2 /* Products */ = {
			isa = PBXGroup;
			children = (
				90617660268A781000871FB2 /* BawiBrowser.app */,
				90617677268A781300871FB2 /* BawiBrowserTests.xctest */,
				90617682268A781300871FB2 /* BawiBrowserUITests.xctest */,
				90A2777726AE3C26000A3080 /* BawiBrowserSafariExtension.appex */,
			);
			name = Products;
			sourceTree = "<group>";
		};
		90617662268A781000871FB2 /* BawiBrowser */ = {
			isa = PBXGroup;
			children = (
				90E857A326F5411E00D15ED7 /* Resources */,
				900B269E268BD76900C03837 /* Model */,
				90617694268A784800871FB2 /* Views */,
				90617663268A781000871FB2 /* BawiBrowserApp.swift */,
				90617665268A781000871FB2 /* ContentView.swift */,
				90617667268A781200871FB2 /* Assets.xcassets */,
				90617671268A781200871FB2 /* Info.plist */,
				90617672268A781200871FB2 /* BawiBrowser.entitlements */,
				9061766E268A781200871FB2 /* BawiBrowser.xcdatamodeld */,
				90617669268A781200871FB2 /* Preview Content */,
				90ECFCB827C83DFE0076777A /* UIWebViewSearch.js */,
				9037CF092857ECD000B5C7C9 /* AppDelegate.swift */,
				9037CF0B2857ED0C00B5C7C9 /* BawiBrowserConstants.swift */,
				900452F7285A9AC1009D9796 /* BawiBrowserTab.swift */,
			);
			path = BawiBrowser;
			sourceTree = "<group>";
		};
		90617669268A781200871FB2 /* Preview Content */ = {
			isa = PBXGroup;
			children = (
				9061766A268A781200871FB2 /* Preview Assets.xcassets */,
			);
			path = "Preview Content";
			sourceTree = "<group>";
		};
		9061767A268A781300871FB2 /* BawiBrowserTests */ = {
			isa = PBXGroup;
			children = (
				906D6B59269E636400967DEB /* multipartFormWithImage */,
				9061767B268A781300871FB2 /* BawiBrowserTests.swift */,
				9061767D268A781300871FB2 /* Info.plist */,
			);
			path = BawiBrowserTests;
			sourceTree = "<group>";
		};
		90617685268A781300871FB2 /* BawiBrowserUITests */ = {
			isa = PBXGroup;
			children = (
				90617686268A781300871FB2 /* BawiBrowserUITests.swift */,
				90617688268A781300871FB2 /* Info.plist */,
			);
			path = BawiBrowserUITests;
			sourceTree = "<group>";
		};
		90617694268A784800871FB2 /* Views */ = {
			isa = PBXGroup;
			children = (
				90CDB73F26A7857400568700 /* ArticleDetailView.swift */,
				906F364726A237E2002F0915 /* ArticleListView.swift */,
				90492BBE26A4A567005F337C /* AttachmentListView.swift */,
				90E857A626F569B300D15ED7 /* BawiBrowserAppearance.swift */,
				906F364526A2373F002F0915 /* BrowserView.swift */,
				908EE55F26F2705B00BD4B90 /* NoteFilterView.swift */,
				908EE55D26F2704E00BD4B90 /* BoardFilterView.swift */,
				906F364326A23585002F0915 /* CommentListView.swift */,
				90CDB73D26A7800900568700 /* NoteListView.swift */,
				9089733726FBB86C005A03A8 /* SearchView.swift */,
				90617695268A785C00871FB2 /* WebView.swift */,
			);
			path = Views;
			sourceTree = "<group>";
		};
		90A2777826AE3C26000A3080 /* Frameworks */ = {
			isa = PBXGroup;
			children = (
				900215CC26B9FB8800A82706 /* CloudKit.framework */,
				90A2777926AE3C26000A3080 /* Cocoa.framework */,
			);
			name = Frameworks;
			sourceTree = "<group>";
		};
		90A2777B26AE3C26000A3080 /* BawiBrowserSafariExtension */ = {
			isa = PBXGroup;
			children = (
				90A2777C26AE3C26000A3080 /* SafariExtensionHandler.swift */,
				90A2777E26AE3C26000A3080 /* SafariExtensionViewController.swift */,
				90A2778326AE3C26000A3080 /* SafariExtensionViewController.xib */,
				90A2778626AE3C26000A3080 /* Info.plist */,
				90A2778726AE3C26000A3080 /* BawiBrowserSafariExtension.entitlements */,
				90A2778026AE3C26000A3080 /* Resources */,
			);
			path = BawiBrowserSafariExtension;
			sourceTree = "<group>";
		};
		90A2778026AE3C26000A3080 /* Resources */ = {
			isa = PBXGroup;
			children = (
				90DB6C0526B0D13800BEF1C9 /* Toolbar.pdf */,
				90A2778126AE3C26000A3080 /* script.js */,
			);
			path = Resources;
			sourceTree = "<group>";
		};
		90E857A326F5411E00D15ED7 /* Resources */ = {
			isa = PBXGroup;
			children = (
				90E857A426F5413200D15ED7 /* dark_bawi.css */,
			);
			path = Resources;
			sourceTree = "<group>";
		};
/* End PBXGroup section */

/* Begin PBXNativeTarget section */
		9061765F268A781000871FB2 /* BawiBrowser */ = {
			isa = PBXNativeTarget;
			buildConfigurationList = 9061768B268A781300871FB2 /* Build configuration list for PBXNativeTarget "BawiBrowser" */;
			buildPhases = (
				9061765C268A781000871FB2 /* Sources */,
				9061765D268A781000871FB2 /* Frameworks */,
				9061765E268A781000871FB2 /* Resources */,
				90A2778B26AE3C26000A3080 /* Embed App Extensions */,
			);
			buildRules = (
			);
			dependencies = (
				90A2778926AE3C26000A3080 /* PBXTargetDependency */,
			);
			name = BawiBrowser;
			packageProductDependencies = (
				90FC22412698DB730095848C /* MultipartKit */,
				9037CF072857EC9700B5C7C9 /* Persistence */,
				9037CF0E2857F19900B5C7C9 /* NIO */,
			);
			productName = BawiBrowser;
			productReference = 90617660268A781000871FB2 /* BawiBrowser.app */;
			productType = "com.apple.product-type.application";
		};
		90617676268A781300871FB2 /* BawiBrowserTests */ = {
			isa = PBXNativeTarget;
			buildConfigurationList = 9061768E268A781300871FB2 /* Build configuration list for PBXNativeTarget "BawiBrowserTests" */;
			buildPhases = (
				90617673268A781300871FB2 /* Sources */,
				90617674268A781300871FB2 /* Frameworks */,
				90617675268A781300871FB2 /* Resources */,
			);
			buildRules = (
			);
			dependencies = (
				90617679268A781300871FB2 /* PBXTargetDependency */,
			);
			name = BawiBrowserTests;
			productName = BawiBrowserTests;
			productReference = 90617677268A781300871FB2 /* BawiBrowserTests.xctest */;
			productType = "com.apple.product-type.bundle.unit-test";
		};
		90617681268A781300871FB2 /* BawiBrowserUITests */ = {
			isa = PBXNativeTarget;
			buildConfigurationList = 90617691268A781300871FB2 /* Build configuration list for PBXNativeTarget "BawiBrowserUITests" */;
			buildPhases = (
				9061767E268A781300871FB2 /* Sources */,
				9061767F268A781300871FB2 /* Frameworks */,
				90617680268A781300871FB2 /* Resources */,
			);
			buildRules = (
			);
			dependencies = (
				90617684268A781300871FB2 /* PBXTargetDependency */,
			);
			name = BawiBrowserUITests;
			productName = BawiBrowserUITests;
			productReference = 90617682268A781300871FB2 /* BawiBrowserUITests.xctest */;
			productType = "com.apple.product-type.bundle.ui-testing";
		};
		90A2777626AE3C26000A3080 /* BawiBrowserSafariExtension */ = {
			isa = PBXNativeTarget;
			buildConfigurationList = 90A2778E26AE3C26000A3080 /* Build configuration list for PBXNativeTarget "BawiBrowserSafariExtension" */;
			buildPhases = (
				90A2777326AE3C26000A3080 /* Sources */,
				90A2777426AE3C26000A3080 /* Frameworks */,
				90A2777526AE3C26000A3080 /* Resources */,
			);
			buildRules = (
			);
			dependencies = (
			);
			name = BawiBrowserSafariExtension;
			packageProductDependencies = (
				9037CF352857F47C00B5C7C9 /* Persistence */,
			);
			productName = BawiBrowserSafariExtension;
			productReference = 90A2777726AE3C26000A3080 /* BawiBrowserSafariExtension.appex */;
			productType = "com.apple.product-type.app-extension";
		};
/* End PBXNativeTarget section */

/* Begin PBXProject section */
		90617658268A781000871FB2 /* Project object */ = {
			isa = PBXProject;
			attributes = {
				LastSwiftUpdateCheck = 1250;
				LastUpgradeCheck = 1300;
				TargetAttributes = {
					9061765F268A781000871FB2 = {
						CreatedOnToolsVersion = 12.5.1;
					};
					90617676268A781300871FB2 = {
						CreatedOnToolsVersion = 12.5.1;
						TestTargetID = 9061765F268A781000871FB2;
					};
					90617681268A781300871FB2 = {
						CreatedOnToolsVersion = 12.5.1;
						TestTargetID = 9061765F268A781000871FB2;
					};
					90A2777626AE3C26000A3080 = {
						CreatedOnToolsVersion = 12.5.1;
					};
				};
			};
			buildConfigurationList = 9061765B268A781000871FB2 /* Build configuration list for PBXProject "BawiBrowser" */;
			compatibilityVersion = "Xcode 9.3";
			developmentRegion = en;
			hasScannedForEncodings = 0;
			knownRegions = (
				en,
				Base,
			);
			mainGroup = 90617657268A781000871FB2;
			packageReferences = (
				90FC22402698DB730095848C /* XCRemoteSwiftPackageReference "multipart" */,
				9037CF062857EC9700B5C7C9 /* XCRemoteSwiftPackageReference "PersistenceSwift" */,
				9037CF0D2857F19900B5C7C9 /* XCRemoteSwiftPackageReference "swift-nio" */,
			);
			productRefGroup = 90617661268A781000871FB2 /* Products */;
			projectDirPath = "";
			projectRoot = "";
			targets = (
				9061765F268A781000871FB2 /* BawiBrowser */,
				90617676268A781300871FB2 /* BawiBrowserTests */,
				90617681268A781300871FB2 /* BawiBrowserUITests */,
				90A2777626AE3C26000A3080 /* BawiBrowserSafariExtension */,
			);
		};
/* End PBXProject section */

/* Begin PBXResourcesBuildPhase section */
		9061765E268A781000871FB2 /* Resources */ = {
			isa = PBXResourcesBuildPhase;
			buildActionMask = 2147483647;
			files = (
				90E857A526F5413200D15ED7 /* dark_bawi.css in Resources */,
				9061766B268A781200871FB2 /* Preview Assets.xcassets in Resources */,
				90ECFCB927C83DFE0076777A /* UIWebViewSearch.js in Resources */,
				90617668268A781200871FB2 /* Assets.xcassets in Resources */,
			);
			runOnlyForDeploymentPostprocessing = 0;
		};
		90617675268A781300871FB2 /* Resources */ = {
			isa = PBXResourcesBuildPhase;
			buildActionMask = 2147483647;
			files = (
				906D6B5A269E636400967DEB /* multipartFormWithImage in Resources */,
			);
			runOnlyForDeploymentPostprocessing = 0;
		};
		90617680268A781300871FB2 /* Resources */ = {
			isa = PBXResourcesBuildPhase;
			buildActionMask = 2147483647;
			files = (
			);
			runOnlyForDeploymentPostprocessing = 0;
		};
		90A2777526AE3C26000A3080 /* Resources */ = {
			isa = PBXResourcesBuildPhase;
			buildActionMask = 2147483647;
			files = (
				90DB6C0626B0D13800BEF1C9 /* Toolbar.pdf in Resources */,
				90A2778526AE3C26000A3080 /* SafariExtensionViewController.xib in Resources */,
				90A2778226AE3C26000A3080 /* script.js in Resources */,
			);
			runOnlyForDeploymentPostprocessing = 0;
		};
/* End PBXResourcesBuildPhase section */

/* Begin PBXSourcesBuildPhase section */
		9061765C268A781000871FB2 /* Sources */ = {
			isa = PBXSourcesBuildPhase;
			buildActionMask = 2147483647;
			files = (
				9037CF0A2857ECD000B5C7C9 /* AppDelegate.swift in Sources */,
				9037CF0C2857ED0C00B5C7C9 /* BawiBrowserConstants.swift in Sources */,
				90CDB73E26A7800900568700 /* NoteListView.swift in Sources */,
				90617696268A785C00871FB2 /* WebView.swift in Sources */,
				906F364426A23585002F0915 /* CommentListView.swift in Sources */,
				90617666268A781000871FB2 /* ContentView.swift in Sources */,
				90A0D9AE289880860057D328 /* BawiAction.swift in Sources */,
				90914EFD26A774B200E124B6 /* BawiNoteConstant.swift in Sources */,
				90E857A726F569B300D15ED7 /* BawiBrowserAppearance.swift in Sources */,
				900631002697B990006B6340 /* BawiArticleDTO.swift in Sources */,
				9024005326928DF800F7FE6A /* BawiCommentDTO.swift in Sources */,
				9014974126AB732E0025FE0E /* BawiBrwoserNavigation.swift in Sources */,
				90CDB74026A7857400568700 /* ArticleDetailView.swift in Sources */,
				90914EFB26A7742900E124B6 /* BawiNoteDTO.swift in Sources */,
				9024005526928F7F00F7FE6A /* BawiCommentConstant.swift in Sources */,
				9089733826FBB86C005A03A8 /* SearchView.swift in Sources */,
				90FC224426990CEF0095848C /* BawiWriteForm.swift in Sources */,
				90617664268A781000871FB2 /* BawiBrowserApp.swift in Sources */,
				900452F8285A9AC1009D9796 /* BawiBrowserTab.swift in Sources */,
				90492BBF26A4A567005F337C /* AttachmentListView.swift in Sources */,
				900B26A0268BDF8100C03837 /* BawiBrowserViewModel.swift in Sources */,
				908EE56026F2705B00BD4B90 /* NoteFilterView.swift in Sources */,
				90617670268A781200871FB2 /* BawiBrowser.xcdatamodeld in Sources */,
				906F364826A237E2002F0915 /* ArticleListView.swift in Sources */,
				906F364626A2373F002F0915 /* BrowserView.swift in Sources */,
				908EE55E26F2704E00BD4B90 /* BoardFilterView.swift in Sources */,
			);
			runOnlyForDeploymentPostprocessing = 0;
		};
		90617673268A781300871FB2 /* Sources */ = {
			isa = PBXSourcesBuildPhase;
			buildActionMask = 2147483647;
			files = (
				9061767C268A781300871FB2 /* BawiBrowserTests.swift in Sources */,
			);
			runOnlyForDeploymentPostprocessing = 0;
		};
		9061767E268A781300871FB2 /* Sources */ = {
			isa = PBXSourcesBuildPhase;
			buildActionMask = 2147483647;
			files = (
				90617687268A781300871FB2 /* BawiBrowserUITests.swift in Sources */,
			);
			runOnlyForDeploymentPostprocessing = 0;
		};
		90A2777326AE3C26000A3080 /* Sources */ = {
			isa = PBXSourcesBuildPhase;
			buildActionMask = 2147483647;
			files = (
				9037CF342857F43B00B5C7C9 /* BawiBrowserConstants.swift in Sources */,
				9039535A26B61E2E004CB410 /* BawiNoteDTO.swift in Sources */,
				90D0A98526B4A0F900581D33 /* BawiCommentDTO.swift in Sources */,
				90A2777F26AE3C26000A3080 /* SafariExtensionViewController.swift in Sources */,
				9039535B26B6308B004CB410 /* BawiArticleDTO.swift in Sources */,
				90A2777D26AE3C26000A3080 /* SafariExtensionHandler.swift in Sources */,
				90D0A98326B48CEC00581D33 /* BawiBrowser.xcdatamodeld in Sources */,
			);
			runOnlyForDeploymentPostprocessing = 0;
		};
/* End PBXSourcesBuildPhase section */

/* Begin PBXTargetDependency section */
		90617679268A781300871FB2 /* PBXTargetDependency */ = {
			isa = PBXTargetDependency;
			target = 9061765F268A781000871FB2 /* BawiBrowser */;
			targetProxy = 90617678268A781300871FB2 /* PBXContainerItemProxy */;
		};
		90617684268A781300871FB2 /* PBXTargetDependency */ = {
			isa = PBXTargetDependency;
			target = 9061765F268A781000871FB2 /* BawiBrowser */;
			targetProxy = 90617683268A781300871FB2 /* PBXContainerItemProxy */;
		};
		90A2778926AE3C26000A3080 /* PBXTargetDependency */ = {
			isa = PBXTargetDependency;
			target = 90A2777626AE3C26000A3080 /* BawiBrowserSafariExtension */;
			targetProxy = 90A2778826AE3C26000A3080 /* PBXContainerItemProxy */;
		};
/* End PBXTargetDependency section */

/* Begin PBXVariantGroup section */
		90A2778326AE3C26000A3080 /* SafariExtensionViewController.xib */ = {
			isa = PBXVariantGroup;
			children = (
				90A2778426AE3C26000A3080 /* Base */,
			);
			name = SafariExtensionViewController.xib;
			sourceTree = "<group>";
		};
/* End PBXVariantGroup section */

/* Begin XCBuildConfiguration section */
		90617689268A781300871FB2 /* Debug */ = {
			isa = XCBuildConfiguration;
			buildSettings = {
				ALWAYS_SEARCH_USER_PATHS = NO;
				CLANG_ANALYZER_NONNULL = YES;
				CLANG_ANALYZER_NUMBER_OBJECT_CONVERSION = YES_AGGRESSIVE;
				CLANG_CXX_LANGUAGE_STANDARD = "gnu++14";
				CLANG_CXX_LIBRARY = "libc++";
				CLANG_ENABLE_MODULES = YES;
				CLANG_ENABLE_OBJC_ARC = YES;
				CLANG_ENABLE_OBJC_WEAK = YES;
				CLANG_WARN_BLOCK_CAPTURE_AUTORELEASING = YES;
				CLANG_WARN_BOOL_CONVERSION = YES;
				CLANG_WARN_COMMA = YES;
				CLANG_WARN_CONSTANT_CONVERSION = YES;
				CLANG_WARN_DEPRECATED_OBJC_IMPLEMENTATIONS = YES;
				CLANG_WARN_DIRECT_OBJC_ISA_USAGE = YES_ERROR;
				CLANG_WARN_DOCUMENTATION_COMMENTS = YES;
				CLANG_WARN_EMPTY_BODY = YES;
				CLANG_WARN_ENUM_CONVERSION = YES;
				CLANG_WARN_INFINITE_RECURSION = YES;
				CLANG_WARN_INT_CONVERSION = YES;
				CLANG_WARN_NON_LITERAL_NULL_CONVERSION = YES;
				CLANG_WARN_OBJC_IMPLICIT_RETAIN_SELF = YES;
				CLANG_WARN_OBJC_LITERAL_CONVERSION = YES;
				CLANG_WARN_OBJC_ROOT_CLASS = YES_ERROR;
				CLANG_WARN_QUOTED_INCLUDE_IN_FRAMEWORK_HEADER = YES;
				CLANG_WARN_RANGE_LOOP_ANALYSIS = YES;
				CLANG_WARN_STRICT_PROTOTYPES = YES;
				CLANG_WARN_SUSPICIOUS_MOVE = YES;
				CLANG_WARN_UNGUARDED_AVAILABILITY = YES_AGGRESSIVE;
				CLANG_WARN_UNREACHABLE_CODE = YES;
				CLANG_WARN__DUPLICATE_METHOD_MATCH = YES;
				COPY_PHASE_STRIP = NO;
				DEBUG_INFORMATION_FORMAT = dwarf;
				ENABLE_STRICT_OBJC_MSGSEND = YES;
				ENABLE_TESTABILITY = YES;
				GCC_C_LANGUAGE_STANDARD = gnu11;
				GCC_DYNAMIC_NO_PIC = NO;
				GCC_NO_COMMON_BLOCKS = YES;
				GCC_OPTIMIZATION_LEVEL = 0;
				GCC_PREPROCESSOR_DEFINITIONS = (
					"DEBUG=1",
					"$(inherited)",
				);
				GCC_WARN_64_TO_32_BIT_CONVERSION = YES;
				GCC_WARN_ABOUT_RETURN_TYPE = YES_ERROR;
				GCC_WARN_UNDECLARED_SELECTOR = YES;
				GCC_WARN_UNINITIALIZED_AUTOS = YES_AGGRESSIVE;
				GCC_WARN_UNUSED_FUNCTION = YES;
				GCC_WARN_UNUSED_VARIABLE = YES;
				MACOSX_DEPLOYMENT_TARGET = 11.0;
				MTL_ENABLE_DEBUG_INFO = INCLUDE_SOURCE;
				MTL_FAST_MATH = YES;
				ONLY_ACTIVE_ARCH = YES;
				SDKROOT = macosx;
				SWIFT_ACTIVE_COMPILATION_CONDITIONS = DEBUG;
				SWIFT_OPTIMIZATION_LEVEL = "-Onone";
			};
			name = Debug;
		};
		9061768A268A781300871FB2 /* Release */ = {
			isa = XCBuildConfiguration;
			buildSettings = {
				ALWAYS_SEARCH_USER_PATHS = NO;
				CLANG_ANALYZER_NONNULL = YES;
				CLANG_ANALYZER_NUMBER_OBJECT_CONVERSION = YES_AGGRESSIVE;
				CLANG_CXX_LANGUAGE_STANDARD = "gnu++14";
				CLANG_CXX_LIBRARY = "libc++";
				CLANG_ENABLE_MODULES = YES;
				CLANG_ENABLE_OBJC_ARC = YES;
				CLANG_ENABLE_OBJC_WEAK = YES;
				CLANG_WARN_BLOCK_CAPTURE_AUTORELEASING = YES;
				CLANG_WARN_BOOL_CONVERSION = YES;
				CLANG_WARN_COMMA = YES;
				CLANG_WARN_CONSTANT_CONVERSION = YES;
				CLANG_WARN_DEPRECATED_OBJC_IMPLEMENTATIONS = YES;
				CLANG_WARN_DIRECT_OBJC_ISA_USAGE = YES_ERROR;
				CLANG_WARN_DOCUMENTATION_COMMENTS = YES;
				CLANG_WARN_EMPTY_BODY = YES;
				CLANG_WARN_ENUM_CONVERSION = YES;
				CLANG_WARN_INFINITE_RECURSION = YES;
				CLANG_WARN_INT_CONVERSION = YES;
				CLANG_WARN_NON_LITERAL_NULL_CONVERSION = YES;
				CLANG_WARN_OBJC_IMPLICIT_RETAIN_SELF = YES;
				CLANG_WARN_OBJC_LITERAL_CONVERSION = YES;
				CLANG_WARN_OBJC_ROOT_CLASS = YES_ERROR;
				CLANG_WARN_QUOTED_INCLUDE_IN_FRAMEWORK_HEADER = YES;
				CLANG_WARN_RANGE_LOOP_ANALYSIS = YES;
				CLANG_WARN_STRICT_PROTOTYPES = YES;
				CLANG_WARN_SUSPICIOUS_MOVE = YES;
				CLANG_WARN_UNGUARDED_AVAILABILITY = YES_AGGRESSIVE;
				CLANG_WARN_UNREACHABLE_CODE = YES;
				CLANG_WARN__DUPLICATE_METHOD_MATCH = YES;
				COPY_PHASE_STRIP = NO;
				DEBUG_INFORMATION_FORMAT = "dwarf-with-dsym";
				ENABLE_NS_ASSERTIONS = NO;
				ENABLE_STRICT_OBJC_MSGSEND = YES;
				GCC_C_LANGUAGE_STANDARD = gnu11;
				GCC_NO_COMMON_BLOCKS = YES;
				GCC_WARN_64_TO_32_BIT_CONVERSION = YES;
				GCC_WARN_ABOUT_RETURN_TYPE = YES_ERROR;
				GCC_WARN_UNDECLARED_SELECTOR = YES;
				GCC_WARN_UNINITIALIZED_AUTOS = YES_AGGRESSIVE;
				GCC_WARN_UNUSED_FUNCTION = YES;
				GCC_WARN_UNUSED_VARIABLE = YES;
				MACOSX_DEPLOYMENT_TARGET = 11.0;
				MTL_ENABLE_DEBUG_INFO = NO;
				MTL_FAST_MATH = YES;
				SDKROOT = macosx;
				SWIFT_COMPILATION_MODE = wholemodule;
				SWIFT_OPTIMIZATION_LEVEL = "-O";
			};
			name = Release;
		};
		9061768C268A781300871FB2 /* Debug */ = {
			isa = XCBuildConfiguration;
			buildSettings = {
				ALWAYS_EMBED_SWIFT_STANDARD_LIBRARIES = YES;
				ASSETCATALOG_COMPILER_APPICON_NAME = AppIcon;
				ASSETCATALOG_COMPILER_GLOBAL_ACCENT_COLOR_NAME = AccentColor;
				CODE_SIGN_ENTITLEMENTS = BawiBrowser/BawiBrowser.entitlements;
				CODE_SIGN_IDENTITY = "Apple Development";
				CODE_SIGN_STYLE = Automatic;
				COMBINE_HIDPI_IMAGES = YES;
				CURRENT_PROJECT_VERSION = 1;
				DEVELOPMENT_ASSET_PATHS = "\"BawiBrowser/Preview Content\"";
				DEVELOPMENT_TEAM = U8VSJXRJTQ;
				ENABLE_HARDENED_RUNTIME = YES;
				ENABLE_PREVIEWS = YES;
				INFOPLIST_FILE = BawiBrowser/Info.plist;
				LD_RUNPATH_SEARCH_PATHS = (
					"$(inherited)",
					"@executable_path/../Frameworks",
				);
				MACOSX_DEPLOYMENT_TARGET = 12.0;
				MARKETING_VERSION = 0.4.1;
				PRODUCT_BUNDLE_IDENTIFIER = com.resonance.jlee.BawiBrowser;
				PRODUCT_NAME = "$(TARGET_NAME)";
				SWIFT_VERSION = 5.0;
			};
			name = Debug;
		};
		9061768D268A781300871FB2 /* Release */ = {
			isa = XCBuildConfiguration;
			buildSettings = {
				ALWAYS_EMBED_SWIFT_STANDARD_LIBRARIES = YES;
				ASSETCATALOG_COMPILER_APPICON_NAME = AppIcon;
				ASSETCATALOG_COMPILER_GLOBAL_ACCENT_COLOR_NAME = AccentColor;
				CODE_SIGN_ENTITLEMENTS = BawiBrowser/BawiBrowser.entitlements;
				CODE_SIGN_IDENTITY = "Apple Development";
				CODE_SIGN_STYLE = Automatic;
				COMBINE_HIDPI_IMAGES = YES;
				CURRENT_PROJECT_VERSION = 1;
				DEVELOPMENT_ASSET_PATHS = "\"BawiBrowser/Preview Content\"";
				DEVELOPMENT_TEAM = U8VSJXRJTQ;
				ENABLE_HARDENED_RUNTIME = YES;
				ENABLE_PREVIEWS = YES;
				INFOPLIST_FILE = BawiBrowser/Info.plist;
				LD_RUNPATH_SEARCH_PATHS = (
					"$(inherited)",
					"@executable_path/../Frameworks",
				);
				MACOSX_DEPLOYMENT_TARGET = 12.0;
				MARKETING_VERSION = 0.4.1;
				PRODUCT_BUNDLE_IDENTIFIER = com.resonance.jlee.BawiBrowser;
				PRODUCT_NAME = "$(TARGET_NAME)";
				SWIFT_VERSION = 5.0;
			};
			name = Release;
		};
		9061768F268A781300871FB2 /* Debug */ = {
			isa = XCBuildConfiguration;
			buildSettings = {
				ALWAYS_EMBED_SWIFT_STANDARD_LIBRARIES = YES;
				BUNDLE_LOADER = "$(TEST_HOST)";
				CODE_SIGN_STYLE = Automatic;
				COMBINE_HIDPI_IMAGES = YES;
				DEVELOPMENT_TEAM = U8VSJXRJTQ;
				INFOPLIST_FILE = BawiBrowserTests/Info.plist;
				LD_RUNPATH_SEARCH_PATHS = (
					"$(inherited)",
					"@executable_path/../Frameworks",
					"@loader_path/../Frameworks",
				);
				MACOSX_DEPLOYMENT_TARGET = 11.0;
				PRODUCT_BUNDLE_IDENTIFIER = com.resonance.jlee.BawiBrowserTests;
				PRODUCT_NAME = "$(TARGET_NAME)";
				SWIFT_VERSION = 5.0;
				TEST_HOST = "$(BUILT_PRODUCTS_DIR)/BawiBrowser.app/Contents/MacOS/BawiBrowser";
			};
			name = Debug;
		};
		90617690268A781300871FB2 /* Release */ = {
			isa = XCBuildConfiguration;
			buildSettings = {
				ALWAYS_EMBED_SWIFT_STANDARD_LIBRARIES = YES;
				BUNDLE_LOADER = "$(TEST_HOST)";
				CODE_SIGN_STYLE = Automatic;
				COMBINE_HIDPI_IMAGES = YES;
				DEVELOPMENT_TEAM = U8VSJXRJTQ;
				INFOPLIST_FILE = BawiBrowserTests/Info.plist;
				LD_RUNPATH_SEARCH_PATHS = (
					"$(inherited)",
					"@executable_path/../Frameworks",
					"@loader_path/../Frameworks",
				);
				MACOSX_DEPLOYMENT_TARGET = 11.0;
				PRODUCT_BUNDLE_IDENTIFIER = com.resonance.jlee.BawiBrowserTests;
				PRODUCT_NAME = "$(TARGET_NAME)";
				SWIFT_VERSION = 5.0;
				TEST_HOST = "$(BUILT_PRODUCTS_DIR)/BawiBrowser.app/Contents/MacOS/BawiBrowser";
			};
			name = Release;
		};
		90617692268A781300871FB2 /* Debug */ = {
			isa = XCBuildConfiguration;
			buildSettings = {
				ALWAYS_EMBED_SWIFT_STANDARD_LIBRARIES = YES;
				CODE_SIGN_STYLE = Automatic;
				COMBINE_HIDPI_IMAGES = YES;
				DEVELOPMENT_TEAM = U8VSJXRJTQ;
				INFOPLIST_FILE = BawiBrowserUITests/Info.plist;
				LD_RUNPATH_SEARCH_PATHS = (
					"$(inherited)",
					"@executable_path/../Frameworks",
					"@loader_path/../Frameworks",
				);
				PRODUCT_BUNDLE_IDENTIFIER = com.resonance.jlee.BawiBrowserUITests;
				PRODUCT_NAME = "$(TARGET_NAME)";
				SWIFT_VERSION = 5.0;
				TEST_TARGET_NAME = BawiBrowser;
			};
			name = Debug;
		};
		90617693268A781300871FB2 /* Release */ = {
			isa = XCBuildConfiguration;
			buildSettings = {
				ALWAYS_EMBED_SWIFT_STANDARD_LIBRARIES = YES;
				CODE_SIGN_STYLE = Automatic;
				COMBINE_HIDPI_IMAGES = YES;
				DEVELOPMENT_TEAM = U8VSJXRJTQ;
				INFOPLIST_FILE = BawiBrowserUITests/Info.plist;
				LD_RUNPATH_SEARCH_PATHS = (
					"$(inherited)",
					"@executable_path/../Frameworks",
					"@loader_path/../Frameworks",
				);
				PRODUCT_BUNDLE_IDENTIFIER = com.resonance.jlee.BawiBrowserUITests;
				PRODUCT_NAME = "$(TARGET_NAME)";
				SWIFT_VERSION = 5.0;
				TEST_TARGET_NAME = BawiBrowser;
			};
			name = Release;
		};
		90A2778C26AE3C26000A3080 /* Debug */ = {
			isa = XCBuildConfiguration;
			buildSettings = {
				CODE_SIGN_ENTITLEMENTS = BawiBrowserSafariExtension/BawiBrowserSafariExtension.entitlements;
				CODE_SIGN_IDENTITY = "Apple Development";
				CODE_SIGN_STYLE = Automatic;
				CURRENT_PROJECT_VERSION = 1;
				DEVELOPMENT_TEAM = U8VSJXRJTQ;
				ENABLE_HARDENED_RUNTIME = YES;
				INFOPLIST_FILE = BawiBrowserSafariExtension/Info.plist;
				LD_RUNPATH_SEARCH_PATHS = (
					"$(inherited)",
					"@executable_path/../Frameworks",
					"@executable_path/../../../../Frameworks",
				);
				MACOSX_DEPLOYMENT_TARGET = 12.0;
				MARKETING_VERSION = 0.4.1;
				PRODUCT_BUNDLE_IDENTIFIER = com.resonance.jlee.BawiBrowser.BawiBrowserSafariExtension;
				PRODUCT_NAME = "$(TARGET_NAME)";
				SKIP_INSTALL = YES;
				SWIFT_VERSION = 5.0;
			};
			name = Debug;
		};
		90A2778D26AE3C26000A3080 /* Release */ = {
			isa = XCBuildConfiguration;
			buildSettings = {
				CODE_SIGN_ENTITLEMENTS = BawiBrowserSafariExtension/BawiBrowserSafariExtension.entitlements;
				CODE_SIGN_IDENTITY = "Apple Development";
				CODE_SIGN_STYLE = Automatic;
				CURRENT_PROJECT_VERSION = 1;
				DEVELOPMENT_TEAM = U8VSJXRJTQ;
				ENABLE_HARDENED_RUNTIME = YES;
				INFOPLIST_FILE = BawiBrowserSafariExtension/Info.plist;
				LD_RUNPATH_SEARCH_PATHS = (
					"$(inherited)",
					"@executable_path/../Frameworks",
					"@executable_path/../../../../Frameworks",
				);
				MACOSX_DEPLOYMENT_TARGET = 12.0;
				MARKETING_VERSION = 0.4.1;
				PRODUCT_BUNDLE_IDENTIFIER = com.resonance.jlee.BawiBrowser.BawiBrowserSafariExtension;
				PRODUCT_NAME = "$(TARGET_NAME)";
				SKIP_INSTALL = YES;
				SWIFT_VERSION = 5.0;
			};
			name = Release;
		};
/* End XCBuildConfiguration section */

/* Begin XCConfigurationList section */
		9061765B268A781000871FB2 /* Build configuration list for PBXProject "BawiBrowser" */ = {
			isa = XCConfigurationList;
			buildConfigurations = (
				90617689268A781300871FB2 /* Debug */,
				9061768A268A781300871FB2 /* Release */,
			);
			defaultConfigurationIsVisible = 0;
			defaultConfigurationName = Release;
		};
		9061768B268A781300871FB2 /* Build configuration list for PBXNativeTarget "BawiBrowser" */ = {
			isa = XCConfigurationList;
			buildConfigurations = (
				9061768C268A781300871FB2 /* Debug */,
				9061768D268A781300871FB2 /* Release */,
			);
			defaultConfigurationIsVisible = 0;
			defaultConfigurationName = Release;
		};
		9061768E268A781300871FB2 /* Build configuration list for PBXNativeTarget "BawiBrowserTests" */ = {
			isa = XCConfigurationList;
			buildConfigurations = (
				9061768F268A781300871FB2 /* Debug */,
				90617690268A781300871FB2 /* Release */,
			);
			defaultConfigurationIsVisible = 0;
			defaultConfigurationName = Release;
		};
		90617691268A781300871FB2 /* Build configuration list for PBXNativeTarget "BawiBrowserUITests" */ = {
			isa = XCConfigurationList;
			buildConfigurations = (
				90617692268A781300871FB2 /* Debug */,
				90617693268A781300871FB2 /* Release */,
			);
			defaultConfigurationIsVisible = 0;
			defaultConfigurationName = Release;
		};
		90A2778E26AE3C26000A3080 /* Build configuration list for PBXNativeTarget "BawiBrowserSafariExtension" */ = {
			isa = XCConfigurationList;
			buildConfigurations = (
				90A2778C26AE3C26000A3080 /* Debug */,
				90A2778D26AE3C26000A3080 /* Release */,
			);
			defaultConfigurationIsVisible = 0;
			defaultConfigurationName = Release;
		};
/* End XCConfigurationList section */

/* Begin XCRemoteSwiftPackageReference section */
		9037CF062857EC9700B5C7C9 /* XCRemoteSwiftPackageReference "PersistenceSwift" */ = {
			isa = XCRemoteSwiftPackageReference;
			repositoryURL = "https://github.com/jaeseung16/PersistenceSwift";
			requirement = {
				branch = main;
				kind = branch;
			};
		};
		9037CF0D2857F19900B5C7C9 /* XCRemoteSwiftPackageReference "swift-nio" */ = {
			isa = XCRemoteSwiftPackageReference;
			repositoryURL = "https://github.com/apple/swift-nio.git";
			requirement = {
				kind = exactVersion;
				version = 2.40.0;
			};
		};
		90FC22402698DB730095848C /* XCRemoteSwiftPackageReference "multipart" */ = {
			isa = XCRemoteSwiftPackageReference;
			repositoryURL = "https://github.com/vapor/multipart.git";
			requirement = {
				kind = upToNextMajorVersion;
				minimumVersion = 4.4.0;
			};
		};
/* End XCRemoteSwiftPackageReference section */

/* Begin XCSwiftPackageProductDependency section */
		9037CF072857EC9700B5C7C9 /* Persistence */ = {
			isa = XCSwiftPackageProductDependency;
			package = 9037CF062857EC9700B5C7C9 /* XCRemoteSwiftPackageReference "PersistenceSwift" */;
			productName = Persistence;
		};
		9037CF0E2857F19900B5C7C9 /* NIO */ = {
			isa = XCSwiftPackageProductDependency;
			package = 9037CF0D2857F19900B5C7C9 /* XCRemoteSwiftPackageReference "swift-nio" */;
			productName = NIO;
		};
		9037CF352857F47C00B5C7C9 /* Persistence */ = {
			isa = XCSwiftPackageProductDependency;
			package = 9037CF062857EC9700B5C7C9 /* XCRemoteSwiftPackageReference "PersistenceSwift" */;
			productName = Persistence;
		};
		90FC22412698DB730095848C /* MultipartKit */ = {
			isa = XCSwiftPackageProductDependency;
			package = 90FC22402698DB730095848C /* XCRemoteSwiftPackageReference "multipart" */;
			productName = MultipartKit;
		};
/* End XCSwiftPackageProductDependency section */

/* Begin XCVersionGroup section */
		9061766E268A781200871FB2 /* BawiBrowser.xcdatamodeld */ = {
			isa = XCVersionGroup;
			children = (
				9061766F268A781200871FB2 /* BawiBrowser.xcdatamodel */,
			);
			currentVersion = 9061766F268A781200871FB2 /* BawiBrowser.xcdatamodel */;
			path = BawiBrowser.xcdatamodeld;
			sourceTree = "<group>";
			versionGroupType = wrapper.xcdatamodel;
		};
/* End XCVersionGroup section */
	};
	rootObject = 90617658268A781000871FB2 /* Project object */;
}
